
Microsoft Visual Studio Solution File, Format Version 12.00
# Visual Studio 15
VisualStudioVersion = 15.0.26730.16
MinimumVisualStudioVersion = 10.0.40219.1
Project("{8BC9CEB8-8B4A-11D0-8D11-00A0C91BC942}") = "chanadd", "c\chanadd\chanadd.vcxproj", "{7FA7CCE1-1BCF-4A6D-903E-5A8BF3C9CF20}"
EndProject
Project("{2150E333-8FDC-42A3-9474-1A3956D46DE8}") = "C", "C", "{D8854BE9-E2A1-4E67-A4EE-05383B855D67}"
EndProject
Project("{8BC9CEB8-8B4A-11D0-8D11-00A0C91BC942}") = "gridcopy", "c\gridcopy\gridcopy.vcxproj", "{1B86EE24-03F5-41FF-800C-E4C4173322A7}"
EndProject
Project("{8BC9CEB8-8B4A-11D0-8D11-00A0C91BC942}") = "gridstat", "c\gridstat\gridstat.vcxproj", "{87CE8FD8-425D-4474-A41E-B287667D7C6A}"
EndProject
Project("{8BC9CEB8-8B4A-11D0-8D11-00A0C91BC942}") = "callfunc", "c\callfunc\callfunc.vcxproj", "{FCF17F29-0118-4CFC-9AB6-DFFA4419B074}"
EndProject
Project("{2150E333-8FDC-42A3-9474-1A3956D46DE8}") = "CPP", "CPP", "{6FA94AED-B189-4319-B3C3-8EE10B2D09C9}"
EndProject
Project("{8BC9CEB8-8B4A-11D0-8D11-00A0C91BC942}") = "chanadd_cpp", "cpp\chanadd\chanadd.vcxproj", "{7530BFF0-0468-4099-8E24-D57B7D8B4A68}"
EndProject
Project("{8BC9CEB8-8B4A-11D0-8D11-00A0C91BC942}") = "gridcopy_cpp", "cpp\gridcopy\gridcopy.vcxproj", "{0D6EFCD5-B9A5-477C-8914-1CE09CFDED10}"
EndProject
Project("{8BC9CEB8-8B4A-11D0-8D11-00A0C91BC942}") = "gridstat_cpp", "cpp\gridstat\gridstat.vcxproj", "{BE016736-C56C-46F2-87D4-12C1A92E4C33}"
EndProject
Global
	GlobalSection(SolutionConfigurationPlatforms) = preSolution
		Debug Ansi|x64 = Debug Ansi|x64
		Debug Unicode|x64 = Debug Unicode|x64
		Debug UTF8|x64 = Debug UTF8|x64
		Debug|x64 = Debug|x64
		Release Ansi|x64 = Release Ansi|x64
		Release Unicode|x64 = Release Unicode|x64
		Release UTF8|x64 = Release UTF8|x64
		Release|x64 = Release|x64
	EndGlobalSection
	GlobalSection(ProjectConfigurationPlatforms) = postSolution
		{7FA7CCE1-1BCF-4A6D-903E-5A8BF3C9CF20}.Debug Ansi|x64.ActiveCfg = Debug Ansi|x64
		{7FA7CCE1-1BCF-4A6D-903E-5A8BF3C9CF20}.Debug Ansi|x64.Build.0 = Debug Ansi|x64
		{7FA7CCE1-1BCF-4A6D-903E-5A8BF3C9CF20}.Debug Unicode|x64.ActiveCfg = Debug Unicode|x64
		{7FA7CCE1-1BCF-4A6D-903E-5A8BF3C9CF20}.Debug Unicode|x64.Build.0 = Debug Unicode|x64
		{7FA7CCE1-1BCF-4A6D-903E-5A8BF3C9CF20}.Debug UTF8|x64.ActiveCfg = Debug UTF8|x64
		{7FA7CCE1-1BCF-4A6D-903E-5A8BF3C9CF20}.Debug UTF8|x64.Build.0 = Debug UTF8|x64
		{7FA7CCE1-1BCF-4A6D-903E-5A8BF3C9CF20}.Debug|x64.ActiveCfg = Debug UTF8|x64
		{7FA7CCE1-1BCF-4A6D-903E-5A8BF3C9CF20}.Debug|x64.Build.0 = Debug UTF8|x64
		{7FA7CCE1-1BCF-4A6D-903E-5A8BF3C9CF20}.Release Ansi|x64.ActiveCfg = Release Ansi|x64
		{7FA7CCE1-1BCF-4A6D-903E-5A8BF3C9CF20}.Release Ansi|x64.Build.0 = Release Ansi|x64
		{7FA7CCE1-1BCF-4A6D-903E-5A8BF3C9CF20}.Release Unicode|x64.ActiveCfg = Release Unicode|x64
		{7FA7CCE1-1BCF-4A6D-903E-5A8BF3C9CF20}.Release Unicode|x64.Build.0 = Release Unicode|x64
		{7FA7CCE1-1BCF-4A6D-903E-5A8BF3C9CF20}.Release UTF8|x64.ActiveCfg = Release UTF8|x64
		{7FA7CCE1-1BCF-4A6D-903E-5A8BF3C9CF20}.Release UTF8|x64.Build.0 = Release UTF8|x64
		{7FA7CCE1-1BCF-4A6D-903E-5A8BF3C9CF20}.Release|x64.ActiveCfg = Release UTF8|x64
		{7FA7CCE1-1BCF-4A6D-903E-5A8BF3C9CF20}.Release|x64.Build.0 = Release UTF8|x64
		{1B86EE24-03F5-41FF-800C-E4C4173322A7}.Debug Ansi|x64.ActiveCfg = Debug|x64
		{1B86EE24-03F5-41FF-800C-E4C4173322A7}.Debug Ansi|x64.Build.0 = Debug|x64
		{1B86EE24-03F5-41FF-800C-E4C4173322A7}.Debug Unicode|x64.ActiveCfg = Debug|x64
		{1B86EE24-03F5-41FF-800C-E4C4173322A7}.Debug Unicode|x64.Build.0 = Debug|x64
		{1B86EE24-03F5-41FF-800C-E4C4173322A7}.Debug UTF8|x64.ActiveCfg = Debug|x64
		{1B86EE24-03F5-41FF-800C-E4C4173322A7}.Debug UTF8|x64.Build.0 = Debug|x64
		{1B86EE24-03F5-41FF-800C-E4C4173322A7}.Debug|x64.ActiveCfg = Debug|x64
		{1B86EE24-03F5-41FF-800C-E4C4173322A7}.Debug|x64.Build.0 = Debug|x64
		{1B86EE24-03F5-41FF-800C-E4C4173322A7}.Release Ansi|x64.ActiveCfg = Release|x64
		{1B86EE24-03F5-41FF-800C-E4C4173322A7}.Release Ansi|x64.Build.0 = Release|x64
		{1B86EE24-03F5-41FF-800C-E4C4173322A7}.Release Unicode|x64.ActiveCfg = Release|x64
		{1B86EE24-03F5-41FF-800C-E4C4173322A7}.Release Unicode|x64.Build.0 = Release|x64
		{1B86EE24-03F5-41FF-800C-E4C4173322A7}.Release UTF8|x64.ActiveCfg = Release|x64
		{1B86EE24-03F5-41FF-800C-E4C4173322A7}.Release UTF8|x64.Build.0 = Release|x64
		{1B86EE24-03F5-41FF-800C-E4C4173322A7}.Release|x64.ActiveCfg = Release|x64
		{1B86EE24-03F5-41FF-800C-E4C4173322A7}.Release|x64.Build.0 = Release|x64
		{87CE8FD8-425D-4474-A41E-B287667D7C6A}.Debug Ansi|x64.ActiveCfg = Debug|x64
		{87CE8FD8-425D-4474-A41E-B287667D7C6A}.Debug Ansi|x64.Build.0 = Debug|x64
		{87CE8FD8-425D-4474-A41E-B287667D7C6A}.Debug Unicode|x64.ActiveCfg = Debug|x64
		{87CE8FD8-425D-4474-A41E-B287667D7C6A}.Debug Unicode|x64.Build.0 = Debug|x64
		{87CE8FD8-425D-4474-A41E-B287667D7C6A}.Debug UTF8|x64.ActiveCfg = Debug|x64
		{87CE8FD8-425D-4474-A41E-B287667D7C6A}.Debug UTF8|x64.Build.0 = Debug|x64
		{87CE8FD8-425D-4474-A41E-B287667D7C6A}.Debug|x64.ActiveCfg = Debug|x64
		{87CE8FD8-425D-4474-A41E-B287667D7C6A}.Debug|x64.Build.0 = Debug|x64
		{87CE8FD8-425D-4474-A41E-B287667D7C6A}.Release Ansi|x64.ActiveCfg = Release|x64
		{87CE8FD8-425D-4474-A41E-B287667D7C6A}.Release Ansi|x64.Build.0 = Release|x64
		{87CE8FD8-425D-4474-A41E-B287667D7C6A}.Release Unicode|x64.ActiveCfg = Release|x64
		{87CE8FD8-425D-4474-A41E-B287667D7C6A}.Release Unicode|x64.Build.0 = Release|x64
		{87CE8FD8-425D-4474-A41E-B287667D7C6A}.Release UTF8|x64.ActiveCfg = Release|x64
		{87CE8FD8-425D-4474-A41E-B287667D7C6A}.Release UTF8|x64.Build.0 = Release|x64
		{87CE8FD8-425D-4474-A41E-B287667D7C6A}.Release|x64.ActiveCfg = Release|x64
		{87CE8FD8-425D-4474-A41E-B287667D7C6A}.Release|x64.Build.0 = Release|x64
		{FCF17F29-0118-4CFC-9AB6-DFFA4419B074}.Debug Ansi|x64.ActiveCfg = Debug|x64
		{FCF17F29-0118-4CFC-9AB6-DFFA4419B074}.Debug Ansi|x64.Build.0 = Debug|x64
		{FCF17F29-0118-4CFC-9AB6-DFFA4419B074}.Debug Unicode|x64.ActiveCfg = Debug|x64
		{FCF17F29-0118-4CFC-9AB6-DFFA4419B074}.Debug Unicode|x64.Build.0 = Debug|x64
		{FCF17F29-0118-4CFC-9AB6-DFFA4419B074}.Debug UTF8|x64.ActiveCfg = Debug|x64
		{FCF17F29-0118-4CFC-9AB6-DFFA4419B074}.Debug UTF8|x64.Build.0 = Debug|x64
		{FCF17F29-0118-4CFC-9AB6-DFFA4419B074}.Debug|x64.ActiveCfg = Debug|x64
		{FCF17F29-0118-4CFC-9AB6-DFFA4419B074}.Debug|x64.Build.0 = Debug|x64
		{FCF17F29-0118-4CFC-9AB6-DFFA4419B074}.Release Ansi|x64.ActiveCfg = Release|x64
		{FCF17F29-0118-4CFC-9AB6-DFFA4419B074}.Release Ansi|x64.Build.0 = Release|x64
		{FCF17F29-0118-4CFC-9AB6-DFFA4419B074}.Release Unicode|x64.ActiveCfg = Release|x64
		{FCF17F29-0118-4CFC-9AB6-DFFA4419B074}.Release Unicode|x64.Build.0 = Release|x64
		{FCF17F29-0118-4CFC-9AB6-DFFA4419B074}.Release UTF8|x64.ActiveCfg = Release|x64
		{FCF17F29-0118-4CFC-9AB6-DFFA4419B074}.Release UTF8|x64.Build.0 = Release|x64
		{FCF17F29-0118-4CFC-9AB6-DFFA4419B074}.Release|x64.ActiveCfg = Release|x64
		{FCF17F29-0118-4CFC-9AB6-DFFA4419B074}.Release|x64.Build.0 = Release|x64
		{7530BFF0-0468-4099-8E24-D57B7D8B4A68}.Debug Ansi|x64.ActiveCfg = Debug|x64
		{7530BFF0-0468-4099-8E24-D57B7D8B4A68}.Debug Ansi|x64.Build.0 = Debug|x64
		{7530BFF0-0468-4099-8E24-D57B7D8B4A68}.Debug Unicode|x64.ActiveCfg = Debug|x64
		{7530BFF0-0468-4099-8E24-D57B7D8B4A68}.Debug Unicode|x64.Build.0 = Debug|x64
		{7530BFF0-0468-4099-8E24-D57B7D8B4A68}.Debug UTF8|x64.ActiveCfg = Debug|x64
		{7530BFF0-0468-4099-8E24-D57B7D8B4A68}.Debug UTF8|x64.Build.0 = Debug|x64
		{7530BFF0-0468-4099-8E24-D57B7D8B4A68}.Debug|x64.ActiveCfg = Debug|x64
		{7530BFF0-0468-4099-8E24-D57B7D8B4A68}.Debug|x64.Build.0 = Debug|x64
		{7530BFF0-0468-4099-8E24-D57B7D8B4A68}.Release Ansi|x64.ActiveCfg = Release|x64
		{7530BFF0-0468-4099-8E24-D57B7D8B4A68}.Release Ansi|x64.Build.0 = Release|x64
		{7530BFF0-0468-4099-8E24-D57B7D8B4A68}.Release Unicode|x64.ActiveCfg = Release|x64
		{7530BFF0-0468-4099-8E24-D57B7D8B4A68}.Release Unicode|x64.Build.0 = Release|x64
		{7530BFF0-0468-4099-8E24-D57B7D8B4A68}.Release UTF8|x64.ActiveCfg = Release|x64
		{7530BFF0-0468-4099-8E24-D57B7D8B4A68}.Release UTF8|x64.Build.0 = Release|x64
		{7530BFF0-0468-4099-8E24-D57B7D8B4A68}.Release|x64.ActiveCfg = Release|x64
		{7530BFF0-0468-4099-8E24-D57B7D8B4A68}.Release|x64.Build.0 = Release|x64
		{0D6EFCD5-B9A5-477C-8914-1CE09CFDED10}.Debug Ansi|x64.ActiveCfg = Debug|x64
		{0D6EFCD5-B9A5-477C-8914-1CE09CFDED10}.Debug Ansi|x64.Build.0 = Debug|x64
		{0D6EFCD5-B9A5-477C-8914-1CE09CFDED10}.Debug Unicode|x64.ActiveCfg = Debug|x64
		{0D6EFCD5-B9A5-477C-8914-1CE09CFDED10}.Debug Unicode|x64.Build.0 = Debug|x64
		{0D6EFCD5-B9A5-477C-8914-1CE09CFDED10}.Debug UTF8|x64.ActiveCfg = Debug|x64
		{0D6EFCD5-B9A5-477C-8914-1CE09CFDED10}.Debug UTF8|x64.Build.0 = Debug|x64
		{0D6EFCD5-B9A5-477C-8914-1CE09CFDED10}.Debug|x64.ActiveCfg = Debug|x64
		{0D6EFCD5-B9A5-477C-8914-1CE09CFDED10}.Debug|x64.Build.0 = Debug|x64
		{0D6EFCD5-B9A5-477C-8914-1CE09CFDED10}.Release Ansi|x64.ActiveCfg = Release|x64
		{0D6EFCD5-B9A5-477C-8914-1CE09CFDED10}.Release Ansi|x64.Build.0 = Release|x64
		{0D6EFCD5-B9A5-477C-8914-1CE09CFDED10}.Release Unicode|x64.ActiveCfg = Release|x64
		{0D6EFCD5-B9A5-477C-8914-1CE09CFDED10}.Release Unicode|x64.Build.0 = Release|x64
		{0D6EFCD5-B9A5-477C-8914-1CE09CFDED10}.Release UTF8|x64.ActiveCfg = Release|x64
		{0D6EFCD5-B9A5-477C-8914-1CE09CFDED10}.Release UTF8|x64.Build.0 = Release|x64
		{0D6EFCD5-B9A5-477C-8914-1CE09CFDED10}.Release|x64.ActiveCfg = Release|x64
		{0D6EFCD5-B9A5-477C-8914-1CE09CFDED10}.Release|x64.Build.0 = Release|x64
		{BE016736-C56C-46F2-87D4-12C1A92E4C33}.Debug Ansi|x64.ActiveCfg = Debug|x64
		{BE016736-C56C-46F2-87D4-12C1A92E4C33}.Debug Ansi|x64.Build.0 = Debug|x64
		{BE016736-C56C-46F2-87D4-12C1A92E4C33}.Debug Unicode|x64.ActiveCfg = Debug|x64
		{BE016736-C56C-46F2-87D4-12C1A92E4C33}.Debug Unicode|x64.Build.0 = Debug|x64
		{BE016736-C56C-46F2-87D4-12C1A92E4C33}.Debug UTF8|x64.ActiveCfg = Debug|x64
		{BE016736-C56C-46F2-87D4-12C1A92E4C33}.Debug UTF8|x64.Build.0 = Debug|x64
		{BE016736-C56C-46F2-87D4-12C1A92E4C33}.Debug|x64.ActiveCfg = Debug|x64
		{BE016736-C56C-46F2-87D4-12C1A92E4C33}.Debug|x64.Build.0 = Debug|x64
		{BE016736-C56C-46F2-87D4-12C1A92E4C33}.Release Ansi|x64.ActiveCfg = Release|x64
		{BE016736-C56C-46F2-87D4-12C1A92E4C33}.Release Ansi|x64.Build.0 = Release|x64
		{BE016736-C56C-46F2-87D4-12C1A92E4C33}.Release Unicode|x64.ActiveCfg = Release|x64
		{BE016736-C56C-46F2-87D4-12C1A92E4C33}.Release Unicode|x64.Build.0 = Release|x64
		{BE016736-C56C-46F2-87D4-12C1A92E4C33}.Release UTF8|x64.ActiveCfg = Release|x64
		{BE016736-C56C-46F2-87D4-12C1A92E4C33}.Release UTF8|x64.Build.0 = Release|x64
		{BE016736-C56C-46F2-87D4-12C1A92E4C33}.Release|x64.ActiveCfg = Release|x64
		{BE016736-C56C-46F2-87D4-12C1A92E4C33}.Release|x64.Build.0 = Release|x64
	EndGlobalSection
	GlobalSection(SolutionProperties) = preSolution
		HideSolutionNode = FALSE
	EndGlobalSection
	GlobalSection(NestedProjects) = preSolution
		{7FA7CCE1-1BCF-4A6D-903E-5A8BF3C9CF20} = {D8854BE9-E2A1-4E67-A4EE-05383B855D67}
		{1B86EE24-03F5-41FF-800C-E4C4173322A7} = {D8854BE9-E2A1-4E67-A4EE-05383B855D67}
		{87CE8FD8-425D-4474-A41E-B287667D7C6A} = {D8854BE9-E2A1-4E67-A4EE-05383B855D67}
		{FCF17F29-0118-4CFC-9AB6-DFFA4419B074} = {D8854BE9-E2A1-4E67-A4EE-05383B855D67}
		{7530BFF0-0468-4099-8E24-D57B7D8B4A68} = {6FA94AED-B189-4319-B3C3-8EE10B2D09C9}
		{0D6EFCD5-B9A5-477C-8914-1CE09CFDED10} = {6FA94AED-B189-4319-B3C3-8EE10B2D09C9}
		{BE016736-C56C-46F2-87D4-12C1A92E4C33} = {6FA94AED-B189-4319-B3C3-8EE10B2D09C9}
	EndGlobalSection
	GlobalSection(ExtensibilityGlobals) = postSolution
		SolutionGuid = {BF389B86-D08D-4AFE-92AB-D4279BDD1472}
	EndGlobalSection
EndGlobal
